
Microsoft Visual Studio Solution File, Format Version 12.00
# Visual Studio Version 16
VisualStudioVersion = 16.0.31624.102
MinimumVisualStudioVersion = 10.0.40219.1
Project("{FAE04EC0-301F-11D3-BF4B-00C04F79EFBC}") = "OtecLibrary", "OtecLibrary\OtecLibrary.csproj", "{28872D93-8B29-4267-A206-4E01D153C2D4}"
EndProject
Project("{FAE04EC0-301F-11D3-BF4B-00C04F79EFBC}") = "Otec", "Otec\Otec.csproj", "{7A84B8D5-B8EF-48C2-B204-322D779F92A0}"
EndProject
Global
	GlobalSection(SolutionConfigurationPlatforms) = preSolution
		Debug|Any CPU = Debug|Any CPU
		Release|Any CPU = Release|Any CPU
	EndGlobalSection
	GlobalSection(ProjectConfigurationPlatforms) = postSolution
		{28872D93-8B29-4267-A206-4E01D153C2D4}.Debug|Any CPU.ActiveCfg = Debug|Any CPU
		{28872D93-8B29-4267-A206-4E01D153C2D4}.Debug|Any CPU.Build.0 = Debug|Any CPU
		{28872D93-8B29-4267-A206-4E01D153C2D4}.Release|Any CPU.ActiveCfg = Release|Any CPU
		{28872D93-8B29-4267-A206-4E01D153C2D4}.Release|Any CPU.Build.0 = Release|Any CPU
		{7A84B8D5-B8EF-48C2-B204-322D779F92A0}.Debug|Any CPU.ActiveCfg = Debug|Any CPU
		{7A84B8D5-B8EF-48C2-B204-322D779F92A0}.Debug|Any CPU.Build.0 = Debug|Any CPU
		{7A84B8D5-B8EF-48C2-B204-322D779F92A0}.Release|Any CPU.ActiveCfg = Release|Any CPU
		{7A84B8D5-B8EF-48C2-B204-322D779F92A0}.Release|Any CPU.Build.0 = Release|Any CPU
	EndGlobalSection
	GlobalSection(SolutionProperties) = preSolution
		HideSolutionNode = FALSE
	EndGlobalSection
	GlobalSection(ExtensibilityGlobals) = postSolution
		SolutionGuid = {5CC049A9-250B-403C-971F-E13E68F9E1A5}
	EndGlobalSection
EndGlobal
